
Microsoft Visual Studio Solution File, Format Version 12.00
# Visual Studio Version 16
VisualStudioVersion = 16.0.30413.136
MinimumVisualStudioVersion = 10.0.40219.1
Project("{9A19103F-16F7-4668-BE54-9A1E7A4F7556}") = "eCommerceAPI.Tests", "eCommerceAPI.Tests.csproj", "{C191BF8A-4F15-45F9-81FE-08BED45D1140}"
EndProject
Global
	GlobalSection(SolutionConfigurationPlatforms) = preSolution
		Debug|Any CPU = Debug|Any CPU
		Release|Any CPU = Release|Any CPU
	EndGlobalSection
	GlobalSection(ProjectConfigurationPlatforms) = postSolution
		{C191BF8A-4F15-45F9-81FE-08BED45D1140}.Debug|Any CPU.ActiveCfg = Debug|Any CPU
		{C191BF8A-4F15-45F9-81FE-08BED45D1140}.Debug|Any CPU.Build.0 = Debug|Any CPU
		{C191BF8A-4F15-45F9-81FE-08BED45D1140}.Release|Any CPU.ActiveCfg = Release|Any CPU
		{C191BF8A-4F15-45F9-81FE-08BED45D1140}.Release|Any CPU.Build.0 = Release|Any CPU
	EndGlobalSection
	GlobalSection(SolutionProperties) = preSolution
		HideSolutionNode = FALSE
	EndGlobalSection
	GlobalSection(ExtensibilityGlobals) = postSolution
		SolutionGuid = {F6B55AD3-855B-4924-8F57-01805A6BB619}
	EndGlobalSection
EndGlobal
